
Microsoft Visual Studio Solution File, Format Version 12.00
# Visual Studio 15
VisualStudioVersion = 15.0.27428.1
MinimumVisualStudioVersion = 10.0.40219.1
Project("{9A19103F-16F7-4668-BE54-9A1E7A4F7556}") = "ReflectionModel", "ReflectionModel\ReflectionModel.csproj", "{35E4E22C-A782-4DF2-A1A0-6812C8119A0A}"
EndProject
Project("{FAE04EC0-301F-11D3-BF4B-00C04F79EFBC}") = "ReflectionModelTest", "ReflectionModelTest\ReflectionModelTest.csproj", "{C4FEF558-D2B4-4D0B-AD38-747DC9EC10AD}"
EndProject
Project("{FAE04EC0-301F-11D3-BF4B-00C04F79EFBC}") = "CLI", "CLI\CLI.csproj", "{15B414E6-2ADB-48EC-BE3F-77357356B4A0}"
EndProject
Project("{FAE04EC0-301F-11D3-BF4B-00C04F79EFBC}") = "ViewModel", "ViewModel\ViewModel.csproj", "{7E55F384-F838-4A71-8969-C36DFA1D45CE}"
EndProject
Project("{FAE04EC0-301F-11D3-BF4B-00C04F79EFBC}") = "GUI", "GUI\GUI.csproj", "{E504E64A-0CE4-4BB2-A389-030EA42B79AD}"
EndProject
Project("{FAE04EC0-301F-11D3-BF4B-00C04F79EFBC}") = "Serialization", "Serialization\Serialization.csproj", "{590F25A9-DD8B-4317-82A2-18E94A1A35F6}"
EndProject
Project("{FAE04EC0-301F-11D3-BF4B-00C04F79EFBC}") = "Logging", "Logging\Logging.csproj", "{AEDFE307-4793-418A-8E44-6A4AE844810F}"
EndProject
Project("{FAE04EC0-301F-11D3-BF4B-00C04F79EFBC}") = "MEF", "MEF\MEF.csproj", "{AC85CC35-E191-404F-9027-36AC753A47B6}"
EndProject
Project("{FAE04EC0-301F-11D3-BF4B-00C04F79EFBC}") = "LoggingTest", "LoggingTest\LoggingTest.csproj", "{53170EDE-EF52-4F45-8EA0-11348A0DC025}"
EndProject
Project("{FAE04EC0-301F-11D3-BF4B-00C04F79EFBC}") = "SerializationTest", "SerializationTest\SerializationTest.csproj", "{606F08A3-4651-48F3-ABA9-AFFA78827E6F}"
EndProject
Project("{FAE04EC0-301F-11D3-BF4B-00C04F79EFBC}") = "SerializationModel", "SerializationModel\SerializationModel.csproj", "{20A28368-D9EC-4610-A302-70999950EDFB}"
EndProject
Project("{FAE04EC0-301F-11D3-BF4B-00C04F79EFBC}") = "Model", "Model\Model.csproj", "{D985872E-2FFB-4093-A22B-47FE7ECA3828}"
EndProject
Project("{FAE04EC0-301F-11D3-BF4B-00C04F79EFBC}") = "DatabaseSerialization", "DatabaseSerialization\DatabaseSerialization.csproj", "{4E53C5B5-1DFA-44B1-B792-66FBB40F32B6}"
EndProject
Global
	GlobalSection(SolutionConfigurationPlatforms) = preSolution
		Debug|Any CPU = Debug|Any CPU
		Release|Any CPU = Release|Any CPU
	EndGlobalSection
	GlobalSection(ProjectConfigurationPlatforms) = postSolution
		{35E4E22C-A782-4DF2-A1A0-6812C8119A0A}.Debug|Any CPU.ActiveCfg = Debug|Any CPU
		{35E4E22C-A782-4DF2-A1A0-6812C8119A0A}.Debug|Any CPU.Build.0 = Debug|Any CPU
		{35E4E22C-A782-4DF2-A1A0-6812C8119A0A}.Release|Any CPU.ActiveCfg = Release|Any CPU
		{35E4E22C-A782-4DF2-A1A0-6812C8119A0A}.Release|Any CPU.Build.0 = Release|Any CPU
		{C4FEF558-D2B4-4D0B-AD38-747DC9EC10AD}.Debug|Any CPU.ActiveCfg = Debug|Any CPU
		{C4FEF558-D2B4-4D0B-AD38-747DC9EC10AD}.Debug|Any CPU.Build.0 = Debug|Any CPU
		{C4FEF558-D2B4-4D0B-AD38-747DC9EC10AD}.Release|Any CPU.ActiveCfg = Release|Any CPU
		{C4FEF558-D2B4-4D0B-AD38-747DC9EC10AD}.Release|Any CPU.Build.0 = Release|Any CPU
		{15B414E6-2ADB-48EC-BE3F-77357356B4A0}.Debug|Any CPU.ActiveCfg = Debug|Any CPU
		{15B414E6-2ADB-48EC-BE3F-77357356B4A0}.Debug|Any CPU.Build.0 = Debug|Any CPU
		{15B414E6-2ADB-48EC-BE3F-77357356B4A0}.Release|Any CPU.ActiveCfg = Release|Any CPU
		{15B414E6-2ADB-48EC-BE3F-77357356B4A0}.Release|Any CPU.Build.0 = Release|Any CPU
		{7E55F384-F838-4A71-8969-C36DFA1D45CE}.Debug|Any CPU.ActiveCfg = Debug|Any CPU
		{7E55F384-F838-4A71-8969-C36DFA1D45CE}.Debug|Any CPU.Build.0 = Debug|Any CPU
		{7E55F384-F838-4A71-8969-C36DFA1D45CE}.Release|Any CPU.ActiveCfg = Release|Any CPU
		{7E55F384-F838-4A71-8969-C36DFA1D45CE}.Release|Any CPU.Build.0 = Release|Any CPU
		{E504E64A-0CE4-4BB2-A389-030EA42B79AD}.Debug|Any CPU.ActiveCfg = Debug|Any CPU
		{E504E64A-0CE4-4BB2-A389-030EA42B79AD}.Debug|Any CPU.Build.0 = Debug|Any CPU
		{E504E64A-0CE4-4BB2-A389-030EA42B79AD}.Release|Any CPU.ActiveCfg = Release|Any CPU
		{E504E64A-0CE4-4BB2-A389-030EA42B79AD}.Release|Any CPU.Build.0 = Release|Any CPU
		{590F25A9-DD8B-4317-82A2-18E94A1A35F6}.Debug|Any CPU.ActiveCfg = Debug|Any CPU
		{590F25A9-DD8B-4317-82A2-18E94A1A35F6}.Debug|Any CPU.Build.0 = Debug|Any CPU
		{590F25A9-DD8B-4317-82A2-18E94A1A35F6}.Release|Any CPU.ActiveCfg = Release|Any CPU
		{590F25A9-DD8B-4317-82A2-18E94A1A35F6}.Release|Any CPU.Build.0 = Release|Any CPU
		{AEDFE307-4793-418A-8E44-6A4AE844810F}.Debug|Any CPU.ActiveCfg = Debug|Any CPU
		{AEDFE307-4793-418A-8E44-6A4AE844810F}.Debug|Any CPU.Build.0 = Debug|Any CPU
		{AEDFE307-4793-418A-8E44-6A4AE844810F}.Release|Any CPU.ActiveCfg = Release|Any CPU
		{AEDFE307-4793-418A-8E44-6A4AE844810F}.Release|Any CPU.Build.0 = Release|Any CPU
		{AC85CC35-E191-404F-9027-36AC753A47B6}.Debug|Any CPU.ActiveCfg = Debug|Any CPU
		{AC85CC35-E191-404F-9027-36AC753A47B6}.Debug|Any CPU.Build.0 = Debug|Any CPU
		{AC85CC35-E191-404F-9027-36AC753A47B6}.Release|Any CPU.ActiveCfg = Release|Any CPU
		{AC85CC35-E191-404F-9027-36AC753A47B6}.Release|Any CPU.Build.0 = Release|Any CPU
		{53170EDE-EF52-4F45-8EA0-11348A0DC025}.Debug|Any CPU.ActiveCfg = Debug|Any CPU
		{53170EDE-EF52-4F45-8EA0-11348A0DC025}.Debug|Any CPU.Build.0 = Debug|Any CPU
		{53170EDE-EF52-4F45-8EA0-11348A0DC025}.Release|Any CPU.ActiveCfg = Release|Any CPU
		{53170EDE-EF52-4F45-8EA0-11348A0DC025}.Release|Any CPU.Build.0 = Release|Any CPU
		{606F08A3-4651-48F3-ABA9-AFFA78827E6F}.Debug|Any CPU.ActiveCfg = Debug|Any CPU
		{606F08A3-4651-48F3-ABA9-AFFA78827E6F}.Debug|Any CPU.Build.0 = Debug|Any CPU
		{606F08A3-4651-48F3-ABA9-AFFA78827E6F}.Release|Any CPU.ActiveCfg = Release|Any CPU
		{606F08A3-4651-48F3-ABA9-AFFA78827E6F}.Release|Any CPU.Build.0 = Release|Any CPU
		{20A28368-D9EC-4610-A302-70999950EDFB}.Debug|Any CPU.ActiveCfg = Debug|Any CPU
		{20A28368-D9EC-4610-A302-70999950EDFB}.Debug|Any CPU.Build.0 = Debug|Any CPU
		{20A28368-D9EC-4610-A302-70999950EDFB}.Release|Any CPU.ActiveCfg = Release|Any CPU
		{20A28368-D9EC-4610-A302-70999950EDFB}.Release|Any CPU.Build.0 = Release|Any CPU
		{D985872E-2FFB-4093-A22B-47FE7ECA3828}.Debug|Any CPU.ActiveCfg = Debug|Any CPU
		{D985872E-2FFB-4093-A22B-47FE7ECA3828}.Debug|Any CPU.Build.0 = Debug|Any CPU
		{D985872E-2FFB-4093-A22B-47FE7ECA3828}.Release|Any CPU.ActiveCfg = Release|Any CPU
		{D985872E-2FFB-4093-A22B-47FE7ECA3828}.Release|Any CPU.Build.0 = Release|Any CPU
		{4E53C5B5-1DFA-44B1-B792-66FBB40F32B6}.Debug|Any CPU.ActiveCfg = Debug|Any CPU
		{4E53C5B5-1DFA-44B1-B792-66FBB40F32B6}.Debug|Any CPU.Build.0 = Debug|Any CPU
		{4E53C5B5-1DFA-44B1-B792-66FBB40F32B6}.Release|Any CPU.ActiveCfg = Release|Any CPU
		{4E53C5B5-1DFA-44B1-B792-66FBB40F32B6}.Release|Any CPU.Build.0 = Release|Any CPU
	EndGlobalSection
	GlobalSection(SolutionProperties) = preSolution
		HideSolutionNode = FALSE
	EndGlobalSection
	GlobalSection(ExtensibilityGlobals) = postSolution
		SolutionGuid = {DD32139B-297D-4384-AF74-6F84CC93CA18}
	EndGlobalSection
EndGlobal
